
Microsoft Visual Studio Solution File, Format Version 12.00
# Visual Studio Version 16
VisualStudioVersion = 16.0.29926.136
MinimumVisualStudioVersion = 10.0.40219.1
Project("{FAE04EC0-301F-11D3-BF4B-00C04F79EFBC}") = "MovieStore", "MovieStore\MovieStore.csproj", "{F4AC97E0-89E2-49EF-860F-60FC2F405579}"
EndProject
Project("{2150E333-8FDC-42A3-9474-1A3956D46DE8}") = "MovieSelfHost", "MovieSelfHost", "{3726867F-753C-4ECB-BA08-B62CEA088070}"
EndProject
Project("{FAE04EC0-301F-11D3-BF4B-00C04F79EFBC}") = "MovieSelfHost", "MovieSelfHost\MovieSelfHost.csproj", "{591D0ADF-C820-411B-B7E1-6DAFE9E49E13}"
EndProject
Global
	GlobalSection(SolutionConfigurationPlatforms) = preSolution
		Debug|Any CPU = Debug|Any CPU
		Release|Any CPU = Release|Any CPU
	EndGlobalSection
	GlobalSection(ProjectConfigurationPlatforms) = postSolution
		{F4AC97E0-89E2-49EF-860F-60FC2F405579}.Debug|Any CPU.ActiveCfg = Debug|Any CPU
		{F4AC97E0-89E2-49EF-860F-60FC2F405579}.Debug|Any CPU.Build.0 = Debug|Any CPU
		{F4AC97E0-89E2-49EF-860F-60FC2F405579}.Release|Any CPU.ActiveCfg = Release|Any CPU
		{F4AC97E0-89E2-49EF-860F-60FC2F405579}.Release|Any CPU.Build.0 = Release|Any CPU
		{591D0ADF-C820-411B-B7E1-6DAFE9E49E13}.Debug|Any CPU.ActiveCfg = Debug|Any CPU
		{591D0ADF-C820-411B-B7E1-6DAFE9E49E13}.Debug|Any CPU.Build.0 = Debug|Any CPU
		{591D0ADF-C820-411B-B7E1-6DAFE9E49E13}.Release|Any CPU.ActiveCfg = Release|Any CPU
		{591D0ADF-C820-411B-B7E1-6DAFE9E49E13}.Release|Any CPU.Build.0 = Release|Any CPU
	EndGlobalSection
	GlobalSection(SolutionProperties) = preSolution
		HideSolutionNode = FALSE
	EndGlobalSection
	GlobalSection(NestedProjects) = preSolution
		{591D0ADF-C820-411B-B7E1-6DAFE9E49E13} = {3726867F-753C-4ECB-BA08-B62CEA088070}
	EndGlobalSection
	GlobalSection(ExtensibilityGlobals) = postSolution
		SolutionGuid = {01AD1312-F276-4255-87EA-E93D51612C03}
	EndGlobalSection
EndGlobal
